# This file is automatically generated by rhiza. Do not edit it manually.
---
sha: dde5707b84c33ae120ac90b3e5cbc9727bc83381
repo: jebel-quant/rhiza
host: github
ref: v0.8.3
include: []
exclude:
  - book/marimo/notebooks/rhiza.py
templates:
  - devcontainer
  - github
  - core
  - book
  - marimo
  - tests
synced_at: '2026-03-02T00:58:45Z'
strategy: merge
